Microsoft Visual Studio Solution File, Format Version 12.00
# Visual Studio Version 17
VisualStudioVersion = 17.14.36221.1 d17.14
MinimumVisualStudioVersion = 10.0.40219.1
Project("{FAE04EC0-301F-11D3-BF4B-00C04F79EFBC}") = "Crawler.Ndb.Integration.AppHost", "Crawler.Ndb.Integration.AppHost\Crawler.Ndb.Integration.AppHost.csproj", "{FC32E214-D9F3-400F-BDD2-1D37658C8E74}"
EndProject
Project("{FAE04EC0-301F-11D3-BF4B-00C04F79EFBC}") = "Crawler.Ndb.Integration.ServiceDefaults", "Crawler.Ndb.Integration.ServiceDefaults\Crawler.Ndb.Integration.ServiceDefaults.csproj", "{0B86917E-F12A-524F-27BD-EF763B354C2E}"
EndProject
Project("{FAE04EC0-301F-11D3-BF4B-00C04F79EFBC}") = "Crawler.Ndb.Integration.ApiService", "Crawler.Ndb.Integration.ApiService\Crawler.Ndb.Integration.ApiService.csproj", "{6B83A981-1E92-61A9-8B34-DC0A22902398}"
EndProject
Project("{FAE04EC0-301F-11D3-BF4B-00C04F79EFBC}") = "Crawler.Ndb.Integration.Web", "Crawler.Ndb.Integration.Web\Crawler.Ndb.Integration.Web.csproj", "{787190F3-40A8-D41D-8AB0-15C254EE86E4}"
EndProject
Project("{FAE04EC0-301F-11D3-BF4B-00C04F79EFBC}") = "Crawler.Ndb.Integration.Tests", "Crawler.Ndb.Integration.Tests\Crawler.Ndb.Integration.Tests.csproj", "{5CC052E1-C253-5089-D382-3C60F2A4526E}"
EndProject
Global
	GlobalSection(SolutionConfigurationPlatforms) = preSolution
		Debug|Any CPU = Debug|Any CPU
		Release|Any CPU = Release|Any CPU
	EndGlobalSection
	GlobalSection(ProjectConfigurationPlatforms) = postSolution
		{FC32E214-D9F3-400F-BDD2-1D37658C8E74}.Debug|Any CPU.ActiveCfg = Debug|Any CPU
		{FC32E214-D9F3-400F-BDD2-1D37658C8E74}.Debug|Any CPU.Build.0 = Debug|Any CPU
		{FC32E214-D9F3-400F-BDD2-1D37658C8E74}.Release|Any CPU.ActiveCfg = Release|Any CPU
		{FC32E214-D9F3-400F-BDD2-1D37658C8E74}.Release|Any CPU.Build.0 = Release|Any CPU
		{0B86917E-F12A-524F-27BD-EF763B354C2E}.Debug|Any CPU.ActiveCfg = Debug|Any CPU
		{0B86917E-F12A-524F-27BD-EF763B354C2E}.Debug|Any CPU.Build.0 = Debug|Any CPU
		{0B86917E-F12A-524F-27BD-EF763B354C2E}.Release|Any CPU.ActiveCfg = Release|Any CPU
		{0B86917E-F12A-524F-27BD-EF763B354C2E}.Release|Any CPU.Build.0 = Release|Any CPU
		{6B83A981-1E92-61A9-8B34-DC0A22902398}.Debug|Any CPU.ActiveCfg = Debug|Any CPU
		{6B83A981-1E92-61A9-8B34-DC0A22902398}.Debug|Any CPU.Build.0 = Debug|Any CPU
		{6B83A981-1E92-61A9-8B34-DC0A22902398}.Release|Any CPU.ActiveCfg = Release|Any CPU
		{6B83A981-1E92-61A9-8B34-DC0A22902398}.Release|Any CPU.Build.0 = Release|Any CPU
		{787190F3-40A8-D41D-8AB0-15C254EE86E4}.Debug|Any CPU.ActiveCfg = Debug|Any CPU
		{787190F3-40A8-D41D-8AB0-15C254EE86E4}.Debug|Any CPU.Build.0 = Debug|Any CPU
		{787190F3-40A8-D41D-8AB0-15C254EE86E4}.Release|Any CPU.ActiveCfg = Release|Any CPU
		{787190F3-40A8-D41D-8AB0-15C254EE86E4}.Release|Any CPU.Build.0 = Release|Any CPU
		{5CC052E1-C253-5089-D382-3C60F2A4526E}.Debug|Any CPU.ActiveCfg = Debug|Any CPU
		{5CC052E1-C253-5089-D382-3C60F2A4526E}.Debug|Any CPU.Build.0 = Debug|Any CPU
		{5CC052E1-C253-5089-D382-3C60F2A4526E}.Release|Any CPU.ActiveCfg = Release|Any CPU
		{5CC052E1-C253-5089-D382-3C60F2A4526E}.Release|Any CPU.Build.0 = Release|Any CPU
	EndGlobalSection
	GlobalSection(SolutionProperties) = preSolution
		HideSolutionNode = FALSE
	EndGlobalSection
	GlobalSection(ExtensibilityGlobals) = postSolution
		SolutionGuid = {A1C5E627-08A6-4760-B670-E62720DAD799}
	EndGlobalSection
EndGlobal
